// !$*UTF8*$!
{
	archiveVersion = 1;
	classes = {
	};
	objectVersion = 46;
	objects = {

/* Begin PBXBuildFile section */
		78B6468E1F419428000DB467 /* ZLLoginViewController.swift in Sources */ = {isa = PBXBuildFile; fileRef = 78B6468C1F419428000DB467 /* ZLLoginViewController.swift */; };
		78B6468F1F419428000DB467 /* ZLLoginViewController.xib in Resources */ = {isa = PBXBuildFile; fileRef = 78B6468D1F419428000DB467 /* ZLLoginViewController.xib */; };
		78B646911F419AB4000DB467 /* ZLMineHeaderView.swift in Sources */ = {isa = PBXBuildFile; fileRef = 78B646901F419AB4000DB467 /* ZLMineHeaderView.swift */; };
		78B646931F419BA3000DB467 /* ZLMeFooterView.swift in Sources */ = {isa = PBXBuildFile; fileRef = 78B646921F419BA3000DB467 /* ZLMeFooterView.swift */; };
		78C77B1D1F3C0927000ABEA7 /* Assets.xcassets in Resources */ = {isa = PBXBuildFile; fileRef = 78C77B1C1F3C0927000ABEA7 /* Assets.xcassets */; };
		78C77B2B1F3C0927000ABEA7 /* ZLDanTangTests.swift in Sources */ = {isa = PBXBuildFile; fileRef = 78C77B2A1F3C0927000ABEA7 /* ZLDanTangTests.swift */; };
		78C77B361F3C0927000ABEA7 /* ZLDanTangUITests.swift in Sources */ = {isa = PBXBuildFile; fileRef = 78C77B351F3C0927000ABEA7 /* ZLDanTangUITests.swift */; };
		78C77B611F3C35C1000ABEA7 /* AppDelegate.swift in Sources */ = {isa = PBXBuildFile; fileRef = 78C77B551F3C35C1000ABEA7 /* AppDelegate.swift */; };
		78C77B621F3C35C1000ABEA7 /* Info.plist in Resources */ = {isa = PBXBuildFile; fileRef = 78C77B561F3C35C1000ABEA7 /* Info.plist */; };
		78C77B691F3C39E5000ABEA7 /* ZLConst.swift in Sources */ = {isa = PBXBuildFile; fileRef = 78C77B681F3C39E5000ABEA7 /* ZLConst.swift */; };
		78C77B6B1F3C3CAA000ABEA7 /* ZLTabBarController.swift in Sources */ = {isa = PBXBuildFile; fileRef = 78C77B6A1F3C3CAA000ABEA7 /* ZLTabBarController.swift */; };
		78C77B6D1F3C410E000ABEA7 /* ZLNavigationController.swift in Sources */ = {isa = PBXBuildFile; fileRef = 78C77B6C1F3C410E000ABEA7 /* ZLNavigationController.swift */; };
		78C77B6F1F3C46E6000ABEA7 /* ZLBaseViewController.swift in Sources */ = {isa = PBXBuildFile; fileRef = 78C77B6E1F3C46E6000ABEA7 /* ZLBaseViewController.swift */; };
		78C77B711F3C48C2000ABEA7 /* ZLDanTangViewController.swift in Sources */ = {isa = PBXBuildFile; fileRef = 78C77B701F3C48C2000ABEA7 /* ZLDanTangViewController.swift */; };
		78C77B731F3C493A000ABEA7 /* ZLProductViewController.swift in Sources */ = {isa = PBXBuildFile; fileRef = 78C77B721F3C493A000ABEA7 /* ZLProductViewController.swift */; };
		78C77B751F3C4959000ABEA7 /* ZLCategoryViewController.swift in Sources */ = {isa = PBXBuildFile; fileRef = 78C77B741F3C4959000ABEA7 /* ZLCategoryViewController.swift */; };
		78C77B771F3C4982000ABEA7 /* ZLMeViewController.swift in Sources */ = {isa = PBXBuildFile; fileRef = 78C77B761F3C4982000ABEA7 /* ZLMeViewController.swift */; };
		78C77B791F3C510A000ABEA7 /* ZLNewFeatureViewController.swift in Sources */ = {isa = PBXBuildFile; fileRef = 78C77B781F3C510A000ABEA7 /* ZLNewFeatureViewController.swift */; };
		78C77B7E1F3C5E87000ABEA7 /* UIView+Extension.swift in Sources */ = {isa = PBXBuildFile; fileRef = 78C77B7D1F3C5E87000ABEA7 /* UIView+Extension.swift */; };
		ADA9A3C2119810D4426F0DE0 /* Pods_ZLDanTang.framework in Frameworks */ = {isa = PBXBuildFile; fileRef = 867EA0158C3B5CEAF2240E9D /* Pods_ZLDanTang.framework */; settings = {ATTRIBUTES = (Required, ); }; };
/* End PBXBuildFile section */

/* Begin PBXContainerItemProxy section */
		78C77B271F3C0927000ABEA7 /* PBXContainerItemProxy */ = {
			isa = PBXContainerItemProxy;
			containerPortal = 78C77B0A1F3C0927000ABEA7 /* Project object */;
			proxyType = 1;
			remoteGlobalIDString = 78C77B111F3C0927000ABEA7;
			remoteInfo = ZLDanTang;
		};
		78C77B321F3C0927000ABEA7 /* PBXContainerItemProxy */ = {
			isa = PBXContainerItemProxy;
			containerPortal = 78C77B0A1F3C0927000ABEA7 /* Project object */;
			proxyType = 1;
			remoteGlobalIDString = 78C77B111F3C0927000ABEA7;
			remoteInfo = ZLDanTang;
		};
/* End PBXContainerItemProxy section */

/* Begin PBXCopyFilesBuildPhase section */
		78C77B661F3C3621000ABEA7 /* Embed Frameworks */ = {
			isa = PBXCopyFilesBuildPhase;
			buildActionMask = 2147483647;
			dstPath = "";
			dstSubfolderSpec = 10;
			files = (
			);
			name = "Embed Frameworks";
			runOnlyForDeploymentPostprocessing = 0;
		};
/* End PBXCopyFilesBuildPhase section */

/* Begin PBXFileReference section */
		78B6468C1F419428000DB467 /* ZLLoginViewController.swift */ = {isa = PBXFileReference; fileEncoding = 4; lastKnownFileType = sourcecode.swift; path = ZLLoginViewController.swift; sourceTree = "<group>"; };
		78B6468D1F419428000DB467 /* ZLLoginViewController.xib */ = {isa = PBXFileReference; fileEncoding = 4; lastKnownFileType = file.xib; path = ZLLoginViewController.xib; sourceTree = "<group>"; };
		78B646901F419AB4000DB467 /* ZLMineHeaderView.swift */ = {isa = PBXFileReference; fileEncoding = 4; lastKnownFileType = sourcecode.swift; path = ZLMineHeaderView.swift; sourceTree = "<group>"; };
		78B646921F419BA3000DB467 /* ZLMeFooterView.swift */ = {isa = PBXFileReference; fileEncoding = 4; lastKnownFileType = sourcecode.swift; path = ZLMeFooterView.swift; sourceTree = "<group>"; };
		78C77B121F3C0927000ABEA7 /* ZLDanTang.app */ = {isa = PBXFileReference; explicitFileType = wrapper.application; includeInIndex = 0; path = ZLDanTang.app; sourceTree = BUILT_PRODUCTS_DIR; };
		78C77B1C1F3C0927000ABEA7 /* Assets.xcassets */ = {isa = PBXFileReference; lastKnownFileType = folder.assetcatalog; path = Assets.xcassets; sourceTree = "<group>"; };
		78C77B261F3C0927000ABEA7 /* ZLDanTangTests.xctest */ = {isa = PBXFileReference; explicitFileType = wrapper.cfbundle; includeInIndex = 0; path = ZLDanTangTests.xctest; sourceTree = BUILT_PRODUCTS_DIR; };
		78C77B2A1F3C0927000ABEA7 /* ZLDanTangTests.swift */ = {isa = PBXFileReference; lastKnownFileType = sourcecode.swift; path = ZLDanTangTests.swift; sourceTree = "<group>"; };
		78C77B2C1F3C0927000ABEA7 /* Info.plist */ = {isa = PBXFileReference; lastKnownFileType = text.plist.xml; path = Info.plist; sourceTree = "<group>"; };
		78C77B311F3C0927000ABEA7 /* ZLDanTangUITests.xctest */ = {isa = PBXFileReference; explicitFileType = wrapper.cfbundle; includeInIndex = 0; path = ZLDanTangUITests.xctest; sourceTree = BUILT_PRODUCTS_DIR; };
		78C77B351F3C0927000ABEA7 /* ZLDanTangUITests.swift */ = {isa = PBXFileReference; lastKnownFileType = sourcecode.swift; path = ZLDanTangUITests.swift; sourceTree = "<group>"; };
		78C77B371F3C0927000ABEA7 /* Info.plist */ = {isa = PBXFileReference; lastKnownFileType = text.plist.xml; path = Info.plist; sourceTree = "<group>"; };
		78C77B551F3C35C1000ABEA7 /* AppDelegate.swift */ = {isa = PBXFileReference; fileEncoding = 4; lastKnownFileType = sourcecode.swift; path = AppDelegate.swift; sourceTree = "<group>"; };
		78C77B561F3C35C1000ABEA7 /* Info.plist */ = {isa = PBXFileReference; fileEncoding = 4; lastKnownFileType = text.plist.xml; path = Info.plist; sourceTree = "<group>"; };
		78C77B681F3C39E5000ABEA7 /* ZLConst.swift */ = {isa = PBXFileReference; fileEncoding = 4; lastKnownFileType = sourcecode.swift; path = ZLConst.swift; sourceTree = "<group>"; };
		78C77B6A1F3C3CAA000ABEA7 /* ZLTabBarController.swift */ = {isa = PBXFileReference; fileEncoding = 4; lastKnownFileType = sourcecode.swift; path = ZLTabBarController.swift; sourceTree = "<group>"; };
		78C77B6C1F3C410E000ABEA7 /* ZLNavigationController.swift */ = {isa = PBXFileReference; fileEncoding = 4; lastKnownFileType = sourcecode.swift; path = ZLNavigationController.swift; sourceTree = "<group>"; };
		78C77B6E1F3C46E6000ABEA7 /* ZLBaseViewController.swift */ = {isa = PBXFileReference; fileEncoding = 4; lastKnownFileType = sourcecode.swift; path = ZLBaseViewController.swift; sourceTree = "<group>"; };
		78C77B701F3C48C2000ABEA7 /* ZLDanTangViewController.swift */ = {isa = PBXFileReference; fileEncoding = 4; lastKnownFileType = sourcecode.swift; path = ZLDanTangViewController.swift; sourceTree = "<group>"; };
		78C77B721F3C493A000ABEA7 /* ZLProductViewController.swift */ = {isa = PBXFileReference; fileEncoding = 4; lastKnownFileType = sourcecode.swift; path = ZLProductViewController.swift; sourceTree = "<group>"; };
		78C77B741F3C4959000ABEA7 /* ZLCategoryViewController.swift */ = {isa = PBXFileReference; fileEncoding = 4; lastKnownFileType = sourcecode.swift; path = ZLCategoryViewController.swift; sourceTree = "<group>"; };
		78C77B761F3C4982000ABEA7 /* ZLMeViewController.swift */ = {isa = PBXFileReference; fileEncoding = 4; lastKnownFileType = sourcecode.swift; path = ZLMeViewController.swift; sourceTree = "<group>"; };
		78C77B781F3C510A000ABEA7 /* ZLNewFeatureViewController.swift */ = {isa = PBXFileReference; fileEncoding = 4; lastKnownFileType = sourcecode.swift; path = ZLNewFeatureViewController.swift; sourceTree = "<group>"; };
		78C77B7D1F3C5E87000ABEA7 /* UIView+Extension.swift */ = {isa = PBXFileReference; fileEncoding = 4; lastKnownFileType = sourcecode.swift; path = "UIView+Extension.swift"; sourceTree = "<group>"; };
		867EA0158C3B5CEAF2240E9D /* Pods_ZLDanTang.framework */ = {isa = PBXFileReference; explicitFileType = wrapper.framework; includeInIndex = 0; path = Pods_ZLDanTang.framework; sourceTree = BUILT_PRODUCTS_DIR; };
		B02C946CEA9E352BDBEE9DBD /* Pods-ZLDanTang.release.xcconfig */ = {isa = PBXFileReference; includeInIndex = 1; lastKnownFileType = text.xcconfig; name = "Pods-ZLDanTang.release.xcconfig"; path = "Pods/Target Support Files/Pods-ZLDanTang/Pods-ZLDanTang.release.xcconfig"; sourceTree = "<group>"; };
		E60A6EFB168E6D47AC984566 /* Pods-ZLDanTang.debug.xcconfig */ = {isa = PBXFileReference; includeInIndex = 1; lastKnownFileType = text.xcconfig; name = "Pods-ZLDanTang.debug.xcconfig"; path = "Pods/Target Support Files/Pods-ZLDanTang/Pods-ZLDanTang.debug.xcconfig"; sourceTree = "<group>"; };
/* End PBXFileReference section */

/* Begin PBXFrameworksBuildPhase section */
		78C77B0F1F3C0927000ABEA7 /* Frameworks */ = {
			isa = PBXFrameworksBuildPhase;
			buildActionMask = 2147483647;
			files = (
				ADA9A3C2119810D4426F0DE0 /* Pods_ZLDanTang.framework in Frameworks */,
			);
			runOnlyForDeploymentPostprocessing = 0;
		};
		78C77B231F3C0927000ABEA7 /* Frameworks */ = {
			isa = PBXFrameworksBuildPhase;
			buildActionMask = 2147483647;
			files = (
			);
			runOnlyForDeploymentPostprocessing = 0;
		};
		78C77B2E1F3C0927000ABEA7 /* Frameworks */ = {
			isa = PBXFrameworksBuildPhase;
			buildActionMask = 2147483647;
			files = (
			);
			runOnlyForDeploymentPostprocessing = 0;
		};
/* End PBXFrameworksBuildPhase section */

/* Begin PBXGroup section */
		78C77B091F3C0927000ABEA7 = {
			isa = PBXGroup;
			children = (
				78C77B141F3C0927000ABEA7 /* ZLDanTang */,
				78C77B291F3C0927000ABEA7 /* ZLDanTangTests */,
				78C77B341F3C0927000ABEA7 /* ZLDanTangUITests */,
				78C77B131F3C0927000ABEA7 /* Products */,
				DA4BC9098F570B2375896A41 /* Pods */,
				830FDD75C34943A274FCD751 /* Frameworks */,
			);
			sourceTree = "<group>";
		};
		78C77B131F3C0927000ABEA7 /* Products */ = {
			isa = PBXGroup;
			children = (
				78C77B121F3C0927000ABEA7 /* ZLDanTang.app */,
				78C77B261F3C0927000ABEA7 /* ZLDanTangTests.xctest */,
				78C77B311F3C0927000ABEA7 /* ZLDanTangUITests.xctest */,
			);
			name = Products;
			sourceTree = "<group>";
		};
		78C77B141F3C0927000ABEA7 /* ZLDanTang */ = {
			isa = PBXGroup;
			children = (
				78C77B431F3C35C1000ABEA7 /* Classes */,
				78C77B1C1F3C0927000ABEA7 /* Assets.xcassets */,
			);
			path = ZLDanTang;
			sourceTree = "<group>";
		};
		78C77B291F3C0927000ABEA7 /* ZLDanTangTests */ = {
			isa = PBXGroup;
			children = (
				78C77B2A1F3C0927000ABEA7 /* ZLDanTangTests.swift */,
				78C77B2C1F3C0927000ABEA7 /* Info.plist */,
			);
			path = ZLDanTangTests;
			sourceTree = "<group>";
		};
		78C77B341F3C0927000ABEA7 /* ZLDanTangUITests */ = {
			isa = PBXGroup;
			children = (
				78C77B351F3C0927000ABEA7 /* ZLDanTangUITests.swift */,
				78C77B371F3C0927000ABEA7 /* Info.plist */,
			);
			path = ZLDanTangUITests;
			sourceTree = "<group>";
		};
		78C77B431F3C35C1000ABEA7 /* Classes */ = {
			isa = PBXGroup;
			children = (
				78C77B501F3C35C1000ABEA7 /* Main(主要) */,
				78C77B4C1F3C35C1000ABEA7 /* Login&Register(注册&登录) */,
				78C77B481F3C35C1000ABEA7 /* DanTang(单糖) */,
				78C77B5D1F3C35C1000ABEA7 /* Product(单品) */,
				78C77B441F3C35C1000ABEA7 /* Classify(分类) */,
				78C77B591F3C35C1000ABEA7 /* Me(我的) */,
			);
			path = Classes;
			sourceTree = "<group>";
		};
		78C77B441F3C35C1000ABEA7 /* Classify(分类) */ = {
			isa = PBXGroup;
			children = (
				78C77B451F3C35C1000ABEA7 /* Controller */,
				78C77B461F3C35C1000ABEA7 /* Model */,
				78C77B471F3C35C1000ABEA7 /* View */,
			);
			path = "Classify(分类)";
			sourceTree = "<group>";
		};
		78C77B451F3C35C1000ABEA7 /* Controller */ = {
			isa = PBXGroup;
			children = (
				78C77B741F3C4959000ABEA7 /* ZLCategoryViewController.swift */,
			);
			path = Controller;
			sourceTree = "<group>";
		};
		78C77B461F3C35C1000ABEA7 /* Model */ = {
			isa = PBXGroup;
			children = (
			);
			path = Model;
			sourceTree = "<group>";
		};
		78C77B471F3C35C1000ABEA7 /* View */ = {
			isa = PBXGroup;
			children = (
			);
			path = View;
			sourceTree = "<group>";
		};
		78C77B481F3C35C1000ABEA7 /* DanTang(单糖) */ = {
			isa = PBXGroup;
			children = (
				78C77B491F3C35C1000ABEA7 /* Controller */,
				78C77B4A1F3C35C1000ABEA7 /* Model */,
				78C77B4B1F3C35C1000ABEA7 /* View */,
			);
			path = "DanTang(单糖)";
			sourceTree = "<group>";
		};
		78C77B491F3C35C1000ABEA7 /* Controller */ = {
			isa = PBXGroup;
			children = (
				78C77B701F3C48C2000ABEA7 /* ZLDanTangViewController.swift */,
			);
			path = Controller;
			sourceTree = "<group>";
		};
		78C77B4A1F3C35C1000ABEA7 /* Model */ = {
			isa = PBXGroup;
			children = (
			);
			path = Model;
			sourceTree = "<group>";
		};
		78C77B4B1F3C35C1000ABEA7 /* View */ = {
			isa = PBXGroup;
			children = (
			);
			path = View;
			sourceTree = "<group>";
		};
		78C77B4C1F3C35C1000ABEA7 /* Login&Register(注册&登录) */ = {
			isa = PBXGroup;
			children = (
				78C77B4D1F3C35C1000ABEA7 /* Controller */,
				78C77B4E1F3C35C1000ABEA7 /* Model */,
				78C77B4F1F3C35C1000ABEA7 /* View */,
			);
			path = "Login&Register(注册&登录)";
			sourceTree = "<group>";
		};
		78C77B4D1F3C35C1000ABEA7 /* Controller */ = {
			isa = PBXGroup;
			children = (
				78B6468C1F419428000DB467 /* ZLLoginViewController.swift */,
				78B6468D1F419428000DB467 /* ZLLoginViewController.xib */,
			);
			path = Controller;
			sourceTree = "<group>";
		};
		78C77B4E1F3C35C1000ABEA7 /* Model */ = {
			isa = PBXGroup;
			children = (
			);
			path = Model;
			sourceTree = "<group>";
		};
		78C77B4F1F3C35C1000ABEA7 /* View */ = {
			isa = PBXGroup;
			children = (
			);
			path = View;
			sourceTree = "<group>";
		};
		78C77B501F3C35C1000ABEA7 /* Main(主要) */ = {
			isa = PBXGroup;
			children = (
				78C77B521F3C35C1000ABEA7 /* Controller */,
				78C77B581F3C35C1000ABEA7 /* View */,
				78C77B531F3C35C1000ABEA7 /* Model */,
				78C77B671F3C3779000ABEA7 /* Public */,
				78C77B571F3C35C1000ABEA7 /* Tool */,
				78C77B511F3C35C1000ABEA7 /* Category */,
				78C77B541F3C35C1000ABEA7 /* Others */,
			);
			path = "Main(主要)";
			sourceTree = "<group>";
		};
		78C77B511F3C35C1000ABEA7 /* Category */ = {
			isa = PBXGroup;
			children = (
				78C77B7D1F3C5E87000ABEA7 /* UIView+Extension.swift */,
			);
			path = Category;
			sourceTree = "<group>";
		};
		78C77B521F3C35C1000ABEA7 /* Controller */ = {
			isa = PBXGroup;
			children = (
				78C77B6A1F3C3CAA000ABEA7 /* ZLTabBarController.swift */,
				78C77B6C1F3C410E000ABEA7 /* ZLNavigationController.swift */,
				78C77B6E1F3C46E6000ABEA7 /* ZLBaseViewController.swift */,
				78C77B781F3C510A000ABEA7 /* ZLNewFeatureViewController.swift */,
			);
			path = Controller;
			sourceTree = "<group>";
		};
		78C77B531F3C35C1000ABEA7 /* Model */ = {
			isa = PBXGroup;
			children = (
			);
			path = Model;
			sourceTree = "<group>";
		};
		78C77B541F3C35C1000ABEA7 /* Others */ = {
			isa = PBXGroup;
			children = (
				78C77B551F3C35C1000ABEA7 /* AppDelegate.swift */,
				78C77B561F3C35C1000ABEA7 /* Info.plist */,
			);
			path = Others;
			sourceTree = "<group>";
		};
		78C77B571F3C35C1000ABEA7 /* Tool */ = {
			isa = PBXGroup;
			children = (
				78C77B681F3C39E5000ABEA7 /* ZLConst.swift */,
			);
			path = Tool;
			sourceTree = "<group>";
		};
		78C77B581F3C35C1000ABEA7 /* View */ = {
			isa = PBXGroup;
			children = (
			);
			path = View;
			sourceTree = "<group>";
		};
		78C77B591F3C35C1000ABEA7 /* Me(我的) */ = {
			isa = PBXGroup;
			children = (
				78C77B5A1F3C35C1000ABEA7 /* Controller */,
				78C77B5B1F3C35C1000ABEA7 /* Model */,
				78C77B5C1F3C35C1000ABEA7 /* View */,
			);
			path = "Me(我的)";
			sourceTree = "<group>";
		};
		78C77B5A1F3C35C1000ABEA7 /* Controller */ = {
			isa = PBXGroup;
			children = (
				78C77B761F3C4982000ABEA7 /* ZLMeViewController.swift */,
			);
			path = Controller;
			sourceTree = "<group>";
		};
		78C77B5B1F3C35C1000ABEA7 /* Model */ = {
			isa = PBXGroup;
			children = (
			);
			path = Model;
			sourceTree = "<group>";
		};
		78C77B5C1F3C35C1000ABEA7 /* View */ = {
			isa = PBXGroup;
			children = (
				78B646901F419AB4000DB467 /* ZLMineHeaderView.swift */,
				78B646921F419BA3000DB467 /* ZLMeFooterView.swift */,
			);
			path = View;
			sourceTree = "<group>";
		};
		78C77B5D1F3C35C1000ABEA7 /* Product(单品) */ = {
			isa = PBXGroup;
			children = (
				78C77B5E1F3C35C1000ABEA7 /* Controller */,
				78C77B5F1F3C35C1000ABEA7 /* Model */,
				78C77B601F3C35C1000ABEA7 /* View */,
			);
			path = "Product(单品)";
			sourceTree = "<group>";
		};
		78C77B5E1F3C35C1000ABEA7 /* Controller */ = {
			isa = PBXGroup;
			children = (
				78C77B721F3C493A000ABEA7 /* ZLProductViewController.swift */,
			);
			path = Controller;
			sourceTree = "<group>";
		};
		78C77B5F1F3C35C1000ABEA7 /* Model */ = {
			isa = PBXGroup;
			children = (
			);
			path = Model;
			sourceTree = "<group>";
		};
		78C77B601F3C35C1000ABEA7 /* View */ = {
			isa = PBXGroup;
			children = (
			);
			path = View;
			sourceTree = "<group>";
		};
		78C77B671F3C3779000ABEA7 /* Public */ = {
			isa = PBXGroup;
			children = (
			);
			path = Public;
			sourceTree = "<group>";
		};
		830FDD75C34943A274FCD751 /* Frameworks */ = {
			isa = PBXGroup;
			children = (
				867EA0158C3B5CEAF2240E9D /* Pods_ZLDanTang.framework */,
			);
			name = Frameworks;
			sourceTree = "<group>";
		};
		DA4BC9098F570B2375896A41 /* Pods */ = {
			isa = PBXGroup;
			children = (
				E60A6EFB168E6D47AC984566 /* Pods-ZLDanTang.debug.xcconfig */,
				B02C946CEA9E352BDBEE9DBD /* Pods-ZLDanTang.release.xcconfig */,
			);
			name = Pods;
			sourceTree = "<group>";
		};
/* End PBXGroup section */

/* Begin PBXNativeTarget section */
		78C77B111F3C0927000ABEA7 /* ZLDanTang */ = {
			isa = PBXNativeTarget;
			buildConfigurationList = 78C77B3A1F3C0927000ABEA7 /* Build configuration list for PBXNativeTarget "ZLDanTang" */;
			buildPhases = (
				F679E7753087F3E84E18E221 /* [CP] Check Pods Manifest.lock */,
				78C77B0E1F3C0927000ABEA7 /* Sources */,
				78C77B0F1F3C0927000ABEA7 /* Frameworks */,
				78C77B101F3C0927000ABEA7 /* Resources */,
				95330DCCFB58709E1F635C66 /* [CP] Embed Pods Frameworks */,
				649C094A143B3964DBBA3E03 /* [CP] Copy Pods Resources */,
				78C77B661F3C3621000ABEA7 /* Embed Frameworks */,
			);
			buildRules = (
			);
			dependencies = (
			);
			name = ZLDanTang;
			productName = ZLDanTang;
			productReference = 78C77B121F3C0927000ABEA7 /* ZLDanTang.app */;
			productType = "com.apple.product-type.application";
		};
		78C77B251F3C0927000ABEA7 /* ZLDanTangTests */ = {
			isa = PBXNativeTarget;
			buildConfigurationList = 78C77B3D1F3C0927000ABEA7 /* Build configuration list for PBXNativeTarget "ZLDanTangTests" */;
			buildPhases = (
				78C77B221F3C0927000ABEA7 /* Sources */,
				78C77B231F3C0927000ABEA7 /* Frameworks */,
				78C77B241F3C0927000ABEA7 /* Resources */,
			);
			buildRules = (
			);
			dependencies = (
				78C77B281F3C0927000ABEA7 /* PBXTargetDependency */,
			);
			name = ZLDanTangTests;
			productName = ZLDanTangTests;
			productReference = 78C77B261F3C0927000ABEA7 /* ZLDanTangTests.xctest */;
			productType = "com.apple.product-type.bundle.unit-test";
		};
		78C77B301F3C0927000ABEA7 /* ZLDanTangUITests */ = {
			isa = PBXNativeTarget;
			buildConfigurationList = 78C77B401F3C0927000ABEA7 /* Build configuration list for PBXNativeTarget "ZLDanTangUITests" */;
			buildPhases = (
				78C77B2D1F3C0927000ABEA7 /* Sources */,
				78C77B2E1F3C0927000ABEA7 /* Frameworks */,
				78C77B2F1F3C0927000ABEA7 /* Resources */,
			);
			buildRules = (
			);
			dependencies = (
				78C77B331F3C0927000ABEA7 /* PBXTargetDependency */,
			);
			name = ZLDanTangUITests;
			productName = ZLDanTangUITests;
			productReference = 78C77B311F3C0927000ABEA7 /* ZLDanTangUITests.xctest */;
			productType = "com.apple.product-type.bundle.ui-testing";
		};
/* End PBXNativeTarget section */

/* Begin PBXProject section */
		78C77B0A1F3C0927000ABEA7 /* Project object */ = {
			isa = PBXProject;
			attributes = {
				CLASSPREFIX = ZL;
				LastSwiftUpdateCheck = 0830;
				LastUpgradeCheck = 0830;
				ORGANIZATIONNAME = zhangli;
				TargetAttributes = {
					78C77B111F3C0927000ABEA7 = {
						CreatedOnToolsVersion = 8.3.3;
						DevelopmentTeam = 7734U6Q8V5;
						LastSwiftMigration = 0830;
						ProvisioningStyle = Automatic;
					};
					78C77B251F3C0927000ABEA7 = {
						CreatedOnToolsVersion = 8.3.3;
						DevelopmentTeam = 7734U6Q8V5;
						ProvisioningStyle = Automatic;
						TestTargetID = 78C77B111F3C0927000ABEA7;
					};
					78C77B301F3C0927000ABEA7 = {
						CreatedOnToolsVersion = 8.3.3;
						DevelopmentTeam = 7734U6Q8V5;
						ProvisioningStyle = Automatic;
						TestTargetID = 78C77B111F3C0927000ABEA7;
					};
				};
			};
			buildConfigurationList = 78C77B0D1F3C0927000ABEA7 /* Build configuration list for PBXProject "ZLDanTang" */;
			compatibilityVersion = "Xcode 3.2";
			developmentRegion = English;
			hasScannedForEncodings = 0;
			knownRegions = (
				en,
				Base,
			);
			mainGroup = 78C77B091F3C0927000ABEA7;
			productRefGroup = 78C77B131F3C0927000ABEA7 /* Products */;
			projectDirPath = "";
			projectRoot = "";
			targets = (
				78C77B111F3C0927000ABEA7 /* ZLDanTang */,
				78C77B251F3C0927000ABEA7 /* ZLDanTangTests */,
				78C77B301F3C0927000ABEA7 /* ZLDanTangUITests */,
			);
		};
/* End PBXProject section */

/* Begin PBXResourcesBuildPhase section */
		78C77B101F3C0927000ABEA7 /* Resources */ = {
			isa = PBXResourcesBuildPhase;
			buildActionMask = 2147483647;
			files = (
				78C77B621F3C35C1000ABEA7 /* Info.plist in Resources */,
				78C77B1D1F3C0927000ABEA7 /* Assets.xcassets in Resources */,
				78B6468F1F419428000DB467 /* ZLLoginViewController.xib in Resources */,
			);
			runOnlyForDeploymentPostprocessing = 0;
		};
		78C77B241F3C0927000ABEA7 /* Resources */ = {
			isa = PBXResourcesBuildPhase;
			buildActionMask = 2147483647;
			files = (
			);
			runOnlyForDeploymentPostprocessing = 0;
		};
		78C77B2F1F3C0927000ABEA7 /* Resources */ = {
			isa = PBXResourcesBuildPhase;
			buildActionMask = 2147483647;
			files = (
			);
			runOnlyForDeploymentPostprocessing = 0;
		};
/* End PBXResourcesBuildPhase section */

/* Begin PBXShellScriptBuildPhase section */
		649C094A143B3964DBBA3E03 /* [CP] Copy Pods Resources */ = {
			isa = PBXShellScriptBuildPhase;
			buildActionMask = 2147483647;
			files = (
			);
			inputPaths = (
			);
			name = "[CP] Copy Pods Resources";
			outputPaths = (
			);
			runOnlyForDeploymentPostprocessing = 0;
			shellPath = /bin/sh;
			shellScript = "\"${SRCROOT}/Pods/Target Support Files/Pods-ZLDanTang/Pods-ZLDanTang-resources.sh\"\n";
			showEnvVarsInLog = 0;
		};
		95330DCCFB58709E1F635C66 /* [CP] Embed Pods Frameworks */ = {
			isa = PBXShellScriptBuildPhase;
			buildActionMask = 2147483647;
			files = (
			);
			inputPaths = (
			);
			name = "[CP] Embed Pods Frameworks";
			outputPaths = (
			);
			runOnlyForDeploymentPostprocessing = 0;
			shellPath = /bin/sh;
			shellScript = "\"${SRCROOT}/Pods/Target Support Files/Pods-ZLDanTang/Pods-ZLDanTang-frameworks.sh\"\n";
			showEnvVarsInLog = 0;
		};
		F679E7753087F3E84E18E221 /* [CP] Check Pods Manifest.lock */ = {
			isa = PBXShellScriptBuildPhase;
			buildActionMask = 2147483647;
			files = (
			);
			inputPaths = (
			);
			name = "[CP] Check Pods Manifest.lock";
			outputPaths = (
			);
			runOnlyForDeploymentPostprocessing = 0;
			shellPath = /bin/sh;
			shellScript = "diff \"${PODS_ROOT}/../Podfile.lock\" \"${PODS_ROOT}/Manifest.lock\" > /dev/null\nif [ $? != 0 ] ; then\n    # print error to STDERR\n    echo \"error: The sandbox is not in sync with the Podfile.lock. Run 'pod install' or update your CocoaPods installation.\" >&2\n    exit 1\nfi\n";
			showEnvVarsInLog = 0;
		};
/* End PBXShellScriptBuildPhase section */

/* Begin PBXSourcesBuildPhase section */
		78C77B0E1F3C0927000ABEA7 /* Sources */ = {
			isa = PBXSourcesBuildPhase;
			buildActionMask = 2147483647;
			files = (
				78B6468E1F419428000DB467 /* ZLLoginViewController.swift in Sources */,
				78C77B7E1F3C5E87000ABEA7 /* UIView+Extension.swift in Sources */,
				78C77B791F3C510A000ABEA7 /* ZLNewFeatureViewController.swift in Sources */,
				78C77B771F3C4982000ABEA7 /* ZLMeViewController.swift in Sources */,
				78C77B6F1F3C46E6000ABEA7 /* ZLBaseViewController.swift in Sources */,
				78C77B731F3C493A000ABEA7 /* ZLProductViewController.swift in Sources */,
				78C77B611F3C35C1000ABEA7 /* AppDelegate.swift in Sources */,
				78C77B711F3C48C2000ABEA7 /* ZLDanTangViewController.swift in Sources */,
				78C77B751F3C4959000ABEA7 /* ZLCategoryViewController.swift in Sources */,
				78B646931F419BA3000DB467 /* ZLMeFooterView.swift in Sources */,
				78C77B6D1F3C410E000ABEA7 /* ZLNavigationController.swift in Sources */,
				78C77B691F3C39E5000ABEA7 /* ZLConst.swift in Sources */,
				78B646911F419AB4000DB467 /* ZLMineHeaderView.swift in Sources */,
				78C77B6B1F3C3CAA000ABEA7 /* ZLTabBarController.swift in Sources */,
			);
			runOnlyForDeploymentPostprocessing = 0;
		};
		78C77B221F3C0927000ABEA7 /* Sources */ = {
			isa = PBXSourcesBuildPhase;
			buildActionMask = 2147483647;
			files = (
				78C77B2B1F3C0927000ABEA7 /* ZLDanTangTests.swift in Sources */,
			);
			runOnlyForDeploymentPostprocessing = 0;
		};
		78C77B2D1F3C0927000ABEA7 /* Sources */ = {
			isa = PBXSourcesBuildPhase;
			buildActionMask = 2147483647;
			files = (
				78C77B361F3C0927000ABEA7 /* ZLDanTangUITests.swift in Sources */,
			);
			runOnlyForDeploymentPostprocessing = 0;
		};
/* End PBXSourcesBuildPhase section */

/* Begin PBXTargetDependency section */
		78C77B281F3C0927000ABEA7 /* PBXTargetDependency */ = {
			isa = PBXTargetDependency;
			target = 78C77B111F3C0927000ABEA7 /* ZLDanTang */;
			targetProxy = 78C77B271F3C0927000ABEA7 /* PBXContainerItemProxy */;
		};
		78C77B331F3C0927000ABEA7 /* PBXTargetDependency */ = {
			isa = PBXTargetDependency;
			target = 78C77B111F3C0927000ABEA7 /* ZLDanTang */;
			targetProxy = 78C77B321F3C0927000ABEA7 /* PBXContainerItemProxy */;
		};
/* End PBXTargetDependency section */

/* Begin XCBuildConfiguration section */
		78C77B381F3C0927000ABEA7 /* Debug */ = {
			isa = XCBuildConfiguration;
			buildSettings = {
				ALWAYS_SEARCH_USER_PATHS = NO;
				CLANG_ANALYZER_NONNULL = YES;
				CLANG_ANALYZER_NUMBER_OBJECT_CONVERSION = YES_AGGRESSIVE;
				CLANG_CXX_LANGUAGE_STANDARD = "gnu++0x";
				CLANG_CXX_LIBRARY = "libc++";
				CLANG_ENABLE_MODULES = YES;
				CLANG_ENABLE_OBJC_ARC = YES;
				CLANG_WARN_BOOL_CONVERSION = YES;
				CLANG_WARN_CONSTANT_CONVERSION = YES;
				CLANG_WARN_DIRECT_OBJC_ISA_USAGE = YES_ERROR;
				CLANG_WARN_DOCUMENTATION_COMMENTS = YES;
				CLANG_WARN_EMPTY_BODY = YES;
				CLANG_WARN_ENUM_CONVERSION = YES;
				CLANG_WARN_INFINITE_RECURSION = YES;
				CLANG_WARN_INT_CONVERSION = YES;
				CLANG_WARN_OBJC_ROOT_CLASS = YES_ERROR;
				CLANG_WARN_SUSPICIOUS_MOVE = YES;
				CLANG_WARN_UNREACHABLE_CODE = YES;
				CLANG_WARN__DUPLICATE_METHOD_MATCH = YES;
				"CODE_SIGN_IDENTITY[sdk=iphoneos*]" = "iPhone Developer";
				COPY_PHASE_STRIP = NO;
				DEBUG_INFORMATION_FORMAT = dwarf;
				ENABLE_STRICT_OBJC_MSGSEND = YES;
				ENABLE_TESTABILITY = YES;
				GCC_C_LANGUAGE_STANDARD = gnu99;
				GCC_DYNAMIC_NO_PIC = NO;
				GCC_NO_COMMON_BLOCKS = YES;
				GCC_OPTIMIZATION_LEVEL = 0;
				GCC_PREPROCESSOR_DEFINITIONS = (
					"DEBUG=1",
					"$(inherited)",
				);
				GCC_WARN_64_TO_32_BIT_CONVERSION = YES;
				GCC_WARN_ABOUT_RETURN_TYPE = YES_ERROR;
				GCC_WARN_UNDECLARED_SELECTOR = YES;
				GCC_WARN_UNINITIALIZED_AUTOS = YES_AGGRESSIVE;
				GCC_WARN_UNUSED_FUNCTION = YES;
				GCC_WARN_UNUSED_VARIABLE = YES;
				IPHONEOS_DEPLOYMENT_TARGET = 10.3;
				MTL_ENABLE_DEBUG_INFO = YES;
				ONLY_ACTIVE_ARCH = YES;
				SDKROOT = iphoneos;
				SWIFT_ACTIVE_COMPILATION_CONDITIONS = DEBUG;
				SWIFT_OPTIMIZATION_LEVEL = "-Onone";
			};
			name = Debug;
		};
		78C77B391F3C0927000ABEA7 /* Release */ = {
			isa = XCBuildConfiguration;
			buildSettings = {
				ALWAYS_SEARCH_USER_PATHS = NO;
				CLANG_ANALYZER_NONNULL = YES;
				CLANG_ANALYZER_NUMBER_OBJECT_CONVERSION = YES_AGGRESSIVE;
				CLANG_CXX_LANGUAGE_STANDARD = "gnu++0x";
				CLANG_CXX_LIBRARY = "libc++";
				CLANG_ENABLE_MODULES = YES;
				CLANG_ENABLE_OBJC_ARC = YES;
				CLANG_WARN_BOOL_CONVERSION = YES;
				CLANG_WARN_CONSTANT_CONVERSION = YES;
				CLANG_WARN_DIRECT_OBJC_ISA_USAGE = YES_ERROR;
				CLANG_WARN_DOCUMENTATION_COMMENTS = YES;
				CLANG_WARN_EMPTY_BODY = YES;
				CLANG_WARN_ENUM_CONVERSION = YES;
				CLANG_WARN_INFINITE_RECURSION = YES;
				CLANG_WARN_INT_CONVERSION = YES;
				CLANG_WARN_OBJC_ROOT_CLASS = YES_ERROR;
				CLANG_WARN_SUSPICIOUS_MOVE = YES;
				CLANG_WARN_UNREACHABLE_CODE = YES;
				CLANG_WARN__DUPLICATE_METHOD_MATCH = YES;
				"CODE_SIGN_IDENTITY[sdk=iphoneos*]" = "iPhone Developer";
				COPY_PHASE_STRIP = NO;
				DEBUG_INFORMATION_FORMAT = "dwarf-with-dsym";
				ENABLE_NS_ASSERTIONS = NO;
				ENABLE_STRICT_OBJC_MSGSEND = YES;
				GCC_C_LANGUAGE_STANDARD = gnu99;
				GCC_NO_COMMON_BLOCKS = YES;
				GCC_WARN_64_TO_32_BIT_CONVERSION = YES;
				GCC_WARN_ABOUT_RETURN_TYPE = YES_ERROR;
				GCC_WARN_UNDECLARED_SELECTOR = YES;
				GCC_WARN_UNINITIALIZED_AUTOS = YES_AGGRESSIVE;
				GCC_WARN_UNUSED_FUNCTION = YES;
				GCC_WARN_UNUSED_VARIABLE = YES;
				IPHONEOS_DEPLOYMENT_TARGET = 10.3;
				MTL_ENABLE_DEBUG_INFO = NO;
				SDKROOT = iphoneos;
				SWIFT_OPTIMIZATION_LEVEL = "-Owholemodule";
				VALIDATE_PRODUCT = YES;
			};
			name = Release;
		};
		78C77B3B1F3C0927000ABEA7 /* Debug */ = {
			isa = XCBuildConfiguration;
			baseConfigurationReference = E60A6EFB168E6D47AC984566 /* Pods-ZLDanTang.debug.xcconfig */;
			buildSettings = {
				ASSETCATALOG_COMPILER_APPICON_NAME = AppIcon;
				ASSETCATALOG_COMPILER_LAUNCHIMAGE_NAME = LaunchImage;
				CLANG_ENABLE_MODULES = YES;
				DEVELOPMENT_TEAM = 7734U6Q8V5;
				INFOPLIST_FILE = "$(SRCROOT)/ZLDanTang/Classes/Main(主要)/Others/Info.plist";
				IPHONEOS_DEPLOYMENT_TARGET = 8.0;
				LD_RUNPATH_SEARCH_PATHS = "$(inherited) @executable_path/Frameworks";
				PRODUCT_BUNDLE_IDENTIFIER = com.zhangli.ZLDanTang;
				PRODUCT_NAME = "$(TARGET_NAME)";
				SWIFT_OPTIMIZATION_LEVEL = "-Onone";
				SWIFT_VERSION = 3.0;
			};
			name = Debug;
		};
		78C77B3C1F3C0927000ABEA7 /* Release */ = {
			isa = XCBuildConfiguration;
			baseConfigurationReference = B02C946CEA9E352BDBEE9DBD /* Pods-ZLDanTang.release.xcconfig */;
			buildSettings = {
				ASSETCATALOG_COMPILER_APPICON_NAME = AppIcon;
				ASSETCATALOG_COMPILER_LAUNCHIMAGE_NAME = LaunchImage;
				CLANG_ENABLE_MODULES = YES;
				DEVELOPMENT_TEAM = 7734U6Q8V5;
				INFOPLIST_FILE = "$(SRCROOT)/ZLDanTang/Classes/Main(主要)/Others/Info.plist";
				IPHONEOS_DEPLOYMENT_TARGET = 8.0;
				LD_RUNPATH_SEARCH_PATHS = "$(inherited) @executable_path/Frameworks";
				PRODUCT_BUNDLE_IDENTIFIER = com.zhangli.ZLDanTang;
				PRODUCT_NAME = "$(TARGET_NAME)";
				SWIFT_VERSION = 3.0;
			};
			name = Release;
		};
		78C77B3E1F3C0927000ABEA7 /* Debug */ = {
			isa = XCBuildConfiguration;
			buildSettings = {
				ALWAYS_EMBED_SWIFT_STANDARD_LIBRARIES = YES;
				BUNDLE_LOADER = "$(TEST_HOST)";
				DEVELOPMENT_TEAM = 7734U6Q8V5;
				INFOPLIST_FILE = ZLDanTangTests/Info.plist;
				LD_RUNPATH_SEARCH_PATHS = "$(inherited) @executable_path/Frameworks @loader_path/Frameworks";
				PRODUCT_BUNDLE_IDENTIFIER = com.zhangli.ZLDanTangTests;
				PRODUCT_NAME = "$(TARGET_NAME)";
				SWIFT_VERSION = 3.0;
				TEST_HOST = "$(BUILT_PRODUCTS_DIR)/ZLDanTang.app/ZLDanTang";
			};
			name = Debug;
		};
		78C77B3F1F3C0927000ABEA7 /* Release */ = {
			isa = XCBuildConfiguration;
			buildSettings = {
				ALWAYS_EMBED_SWIFT_STANDARD_LIBRARIES = YES;
				BUNDLE_LOADER = "$(TEST_HOST)";
				DEVELOPMENT_TEAM = 7734U6Q8V5;
				INFOPLIST_FILE = ZLDanTangTests/Info.plist;
				LD_RUNPATH_SEARCH_PATHS = "$(inherited) @executable_path/Frameworks @loader_path/Frameworks";
				PRODUCT_BUNDLE_IDENTIFIER = com.zhangli.ZLDanTangTests;
				PRODUCT_NAME = "$(TARGET_NAME)";
				SWIFT_VERSION = 3.0;
				TEST_HOST = "$(BUILT_PRODUCTS_DIR)/ZLDanTang.app/ZLDanTang";
			};
			name = Release;
		};
		78C77B411F3C0927000ABEA7 /* Debug */ = {
			isa = XCBuildConfiguration;
			buildSettings = {
				ALWAYS_EMBED_SWIFT_STANDARD_LIBRARIES = YES;
				DEVELOPMENT_TEAM = 7734U6Q8V5;
				INFOPLIST_FILE = ZLDanTangUITests/Info.plist;
				LD_RUNPATH_SEARCH_PATHS = "$(inherited) @executable_path/Frameworks @loader_path/Frameworks";
				PRODUCT_BUNDLE_IDENTIFIER = com.zhangli.ZLDanTangUITests;
				PRODUCT_NAME = "$(TARGET_NAME)";
				SWIFT_VERSION = 3.0;
				TEST_TARGET_NAME = ZLDanTang;
			};
			name = Debug;
		};
		78C77B421F3C0927000ABEA7 /* Release */ = {
			isa = XCBuildConfiguration;
			buildSettings = {
				ALWAYS_EMBED_SWIFT_STANDARD_LIBRARIES = YES;
				DEVELOPMENT_TEAM = 7734U6Q8V5;
				INFOPLIST_FILE = ZLDanTangUITests/Info.plist;
				LD_RUNPATH_SEARCH_PATHS = "$(inherited) @executable_path/Frameworks @loader_path/Frameworks";
				PRODUCT_BUNDLE_IDENTIFIER = com.zhangli.ZLDanTangUITests;
				PRODUCT_NAME = "$(TARGET_NAME)";
				SWIFT_VERSION = 3.0;
				TEST_TARGET_NAME = ZLDanTang;
			};
			name = Release;
		};
/* End XCBuildConfiguration section */

/* Begin XCConfigurationList section */
		78C77B0D1F3C0927000ABEA7 /* Build configuration list for PBXProject "ZLDanTang" */ = {
			isa = XCConfigurationList;
			buildConfigurations = (
				78C77B381F3C0927000ABEA7 /* Debug */,
				78C77B391F3C0927000ABEA7 /* Release */,
			);
			defaultConfigurationIsVisible = 0;
			defaultConfigurationName = Release;
		};
		78C77B3A1F3C0927000ABEA7 /* Build configuration list for PBXNativeTarget "ZLDanTang" */ = {
			isa = XCConfigurationList;
			buildConfigurations = (
				78C77B3B1F3C0927000ABEA7 /* Debug */,
				78C77B3C1F3C0927000ABEA7 /* Release */,
			);
			defaultConfigurationIsVisible = 0;
			defaultConfigurationName = Release;
		};
		78C77B3D1F3C0927000ABEA7 /* Build configuration list for PBXNativeTarget "ZLDanTangTests" */ = {
			isa = XCConfigurationList;
			buildConfigurations = (
				78C77B3E1F3C0927000ABEA7 /* Debug */,
				78C77B3F1F3C0927000ABEA7 /* Release */,
			);
			defaultConfigurationIsVisible = 0;
			defaultConfigurationName = Release;
		};
		78C77B401F3C0927000ABEA7 /* Build configuration list for PBXNativeTarget "ZLDanTangUITests" */ = {
			isa = XCConfigurationList;
			buildConfigurations = (
				78C77B411F3C0927000ABEA7 /* Debug */,
				78C77B421F3C0927000ABEA7 /* Release */,
			);
			defaultConfigurationIsVisible = 0;
			defaultConfigurationName = Release;
		};
/* End XCConfigurationList section */
	};
	rootObject = 78C77B0A1F3C0927000ABEA7 /* Project object */;
}
